
Microsoft Visual Studio Solution File, Format Version 12.00
# Visual Studio Version 17
VisualStudioVersion = 17.9.34622.214
MinimumVisualStudioVersion = 10.0.40219.1
Project("{888888A0-9F3D-457C-B088-3A5042F75D52}") = "labwork1", "labwork1\labwork1.pyproj", "{7CE91AA5-6AC1-4128-BF4D-8327BCFD762D}"
EndProject
Global
	GlobalSection(SolutionConfigurationPlatforms) = preSolution
		Debug|Any CPU = Debug|Any CPU
		Release|Any CPU = Release|Any CPU
	EndGlobalSection
	GlobalSection(ProjectConfigurationPlatforms) = postSolution
		{7CE91AA5-6AC1-4128-BF4D-8327BCFD762D}.Debug|Any CPU.ActiveCfg = Debug|Any CPU
		{7CE91AA5-6AC1-4128-BF4D-8327BCFD762D}.Release|Any CPU.ActiveCfg = Release|Any CPU
	EndGlobalSection
	GlobalSection(SolutionProperties) = preSolution
		HideSolutionNode = FALSE
	EndGlobalSection
	GlobalSection(ExtensibilityGlobals) = postSolution
		SolutionGuid = {E8F9F2D1-F3B4-475A-94DD-3BA58F220902}
	EndGlobalSection
EndGlobal
